
Microsoft Visual Studio Solution File, Format Version 12.00
# Visual Studio Version 17
VisualStudioVersion = 17.10.35013.160
MinimumVisualStudioVersion = 10.0.40219.1
Project("{9A19103F-16F7-4668-BE54-9A1E7A4F7556}") = "Q120812", "Q120812.csproj", "{71765856-2AD1-4B3F-B895-87B74F29D231}"
EndProject
Global
	GlobalSection(SolutionConfigurationPlatforms) = preSolution
		Debug|Any CPU = Debug|Any CPU
		Release|Any CPU = Release|Any CPU
	EndGlobalSection
	GlobalSection(ProjectConfigurationPlatforms) = postSolution
		{71765856-2AD1-4B3F-B895-87B74F29D231}.Debug|Any CPU.ActiveCfg = Debug|Any CPU
		{71765856-2AD1-4B3F-B895-87B74F29D231}.Debug|Any CPU.Build.0 = Debug|Any CPU
		{71765856-2AD1-4B3F-B895-87B74F29D231}.Release|Any CPU.ActiveCfg = Release|Any CPU
		{71765856-2AD1-4B3F-B895-87B74F29D231}.Release|Any CPU.Build.0 = Release|Any CPU
	EndGlobalSection
	GlobalSection(SolutionProperties) = preSolution
		HideSolutionNode = FALSE
	EndGlobalSection
	GlobalSection(ExtensibilityGlobals) = postSolution
		SolutionGuid = {D6BE360F-8807-40AC-A7EF-13175DFB08BF}
	EndGlobalSection
EndGlobal
